
Microsoft Visual Studio Solution File, Format Version 12.00
# Visual Studio Version 17
VisualStudioVersion = 17.3.32901.215
MinimumVisualStudioVersion = 10.0.40219.1
Project("{FAE04EC0-301F-11D3-BF4B-00C04F79EFBC}") = "FriendOrganizer.UI", "FriendOrganizer.UI\FriendOrganizer.UI.csproj", "{F29B7A9F-238C-4ACB-AF2A-6D6CD8063407}"
EndProject
Project("{FAE04EC0-301F-11D3-BF4B-00C04F79EFBC}") = "FriendOrganizer.DataAccess", "FriendOrganizer.DataAccess\FriendOrganizer.DataAccess.csproj", "{9EEE482F-8CDA-43BA-8800-11CF89F75C58}"
EndProject
Project("{FAE04EC0-301F-11D3-BF4B-00C04F79EFBC}") = "FriendOrganizer.Model", "FriendOrganizer.Model\FriendOrganizer.Model.csproj", "{B1C6118F-8146-49FC-812F-6872BF818278}"
EndProject
Global
	GlobalSection(SolutionConfigurationPlatforms) = preSolution
		Debug|Any CPU = Debug|Any CPU
		Release|Any CPU = Release|Any CPU
	EndGlobalSection
	GlobalSection(ProjectConfigurationPlatforms) = postSolution
		{F29B7A9F-238C-4ACB-AF2A-6D6CD8063407}.Debug|Any CPU.ActiveCfg = Debug|Any CPU
		{F29B7A9F-238C-4ACB-AF2A-6D6CD8063407}.Debug|Any CPU.Build.0 = Debug|Any CPU
		{F29B7A9F-238C-4ACB-AF2A-6D6CD8063407}.Release|Any CPU.ActiveCfg = Release|Any CPU
		{F29B7A9F-238C-4ACB-AF2A-6D6CD8063407}.Release|Any CPU.Build.0 = Release|Any CPU
		{9EEE482F-8CDA-43BA-8800-11CF89F75C58}.Debug|Any CPU.ActiveCfg = Debug|Any CPU
		{9EEE482F-8CDA-43BA-8800-11CF89F75C58}.Debug|Any CPU.Build.0 = Debug|Any CPU
		{9EEE482F-8CDA-43BA-8800-11CF89F75C58}.Release|Any CPU.ActiveCfg = Release|Any CPU
		{9EEE482F-8CDA-43BA-8800-11CF89F75C58}.Release|Any CPU.Build.0 = Release|Any CPU
		{B1C6118F-8146-49FC-812F-6872BF818278}.Debug|Any CPU.ActiveCfg = Debug|Any CPU
		{B1C6118F-8146-49FC-812F-6872BF818278}.Debug|Any CPU.Build.0 = Debug|Any CPU
		{B1C6118F-8146-49FC-812F-6872BF818278}.Release|Any CPU.ActiveCfg = Release|Any CPU
		{B1C6118F-8146-49FC-812F-6872BF818278}.Release|Any CPU.Build.0 = Release|Any CPU
	EndGlobalSection
	GlobalSection(SolutionProperties) = preSolution
		HideSolutionNode = FALSE
	EndGlobalSection
	GlobalSection(ExtensibilityGlobals) = postSolution
		SolutionGuid = {710A04CB-223F-4796-B9EA-1DC3E6EBEC2B}
	EndGlobalSection
EndGlobal
